
Microsoft Visual Studio Solution File, Format Version 12.00
# Visual Studio Version 17
VisualStudioVersion = 17.14.36705.20
MinimumVisualStudioVersion = 10.0.40219.1
Project("{8BC9CEB8-8B4A-11D0-8D11-00A0C91BC942}") = "DumpChromeSecrets", "DumpChromeSecrets\DumpChromeSecrets.vcxproj", "{D8AB0A47-3EF9-4AC8-94B5-4DC32E47383E}"
	ProjectSection(ProjectDependencies) = postProject
		{B3D8F9BE-65D6-4F41-A1E5-CCAFCC9594B6} = {B3D8F9BE-65D6-4F41-A1E5-CCAFCC9594B6}
	EndProjectSection
EndProject
Project("{8BC9CEB8-8B4A-11D0-8D11-00A0C91BC942}") = "DllExtractChromeSecrets", "DllExtractChromeSecrets\DllExtractChromeSecrets.vcxproj", "{B3D8F9BE-65D6-4F41-A1E5-CCAFCC9594B6}"
EndProject
Project("{2150E333-8FDC-42A3-9474-1A3956D46DE8}") = "Common", "Common", "{02EA681E-C7D8-13C7-8484-4AC65E1B71E8}"
	ProjectSection(SolutionItems) = preProject
		Common\Common.h = Common\Common.h
	EndProjectSection
EndProject
Global
	GlobalSection(SolutionConfigurationPlatforms) = preSolution
		Debug|x64 = Debug|x64
		Debug|x86 = Debug|x86
		Release|x64 = Release|x64
		Release|x86 = Release|x86
	EndGlobalSection
	GlobalSection(ProjectConfigurationPlatforms) = postSolution
		{D8AB0A47-3EF9-4AC8-94B5-4DC32E47383E}.Debug|x64.ActiveCfg = Debug|x64
		{D8AB0A47-3EF9-4AC8-94B5-4DC32E47383E}.Debug|x64.Build.0 = Debug|x64
		{D8AB0A47-3EF9-4AC8-94B5-4DC32E47383E}.Debug|x86.ActiveCfg = Debug|Win32
		{D8AB0A47-3EF9-4AC8-94B5-4DC32E47383E}.Debug|x86.Build.0 = Debug|Win32
		{D8AB0A47-3EF9-4AC8-94B5-4DC32E47383E}.Release|x64.ActiveCfg = Release|x64
		{D8AB0A47-3EF9-4AC8-94B5-4DC32E47383E}.Release|x64.Build.0 = Release|x64
		{D8AB0A47-3EF9-4AC8-94B5-4DC32E47383E}.Release|x86.ActiveCfg = Release|Win32
		{D8AB0A47-3EF9-4AC8-94B5-4DC32E47383E}.Release|x86.Build.0 = Release|Win32
		{B3D8F9BE-65D6-4F41-A1E5-CCAFCC9594B6}.Debug|x64.ActiveCfg = Debug|x64
		{B3D8F9BE-65D6-4F41-A1E5-CCAFCC9594B6}.Debug|x64.Build.0 = Debug|x64
		{B3D8F9BE-65D6-4F41-A1E5-CCAFCC9594B6}.Debug|x86.ActiveCfg = Debug|Win32
		{B3D8F9BE-65D6-4F41-A1E5-CCAFCC9594B6}.Debug|x86.Build.0 = Debug|Win32
		{B3D8F9BE-65D6-4F41-A1E5-CCAFCC9594B6}.Release|x64.ActiveCfg = Release|x64
		{B3D8F9BE-65D6-4F41-A1E5-CCAFCC9594B6}.Release|x64.Build.0 = Release|x64
		{B3D8F9BE-65D6-4F41-A1E5-CCAFCC9594B6}.Release|x86.ActiveCfg = Release|Win32
		{B3D8F9BE-65D6-4F41-A1E5-CCAFCC9594B6}.Release|x86.Build.0 = Release|Win32
	EndGlobalSection
	GlobalSection(SolutionProperties) = preSolution
		HideSolutionNode = FALSE
	EndGlobalSection
	GlobalSection(ExtensibilityGlobals) = postSolution
		SolutionGuid = {F8B46E04-C4A0-4212-B163-38644FA1E3A4}
	EndGlobalSection
EndGlobal
